
Microsoft Visual Studio Solution File, Format Version 12.00
# Visual Studio 15
VisualStudioVersion = 15.0.27428.2015
MinimumVisualStudioVersion = 10.0.40219.1
Project("{8BC9CEB8-8B4A-11D0-8D11-00A0C91BC942}") = "Widerstandsrechner", "Project1\Project1.vcxproj", "{58D6D527-13E1-4AC0-9AF4-A3561C2F8E4C}"
EndProject
Project("{8BC9CEB8-8B4A-11D0-8D11-00A0C91BC942}") = "TestAufteilen", "TestAufteilen\TestAufteilen.vcxproj", "{AE13B34B-4064-4655-8183-ECA36795BC20}"
EndProject
Project("{2150E333-8FDC-42A3-9474-1A3956D46DE8}") = "Testprogramme", "Testprogramme", "{5CA2D738-F83E-4E45-A165-A92BFA5A0385}"
EndProject
Project("{8BC9CEB8-8B4A-11D0-8D11-00A0C91BC942}") = "TestFarbringe2Ziffer", "TestFarbringe2Ziffer\TestFarbringe2Ziffer.vcxproj", "{74985F39-6F72-4531-97E5-881BC194D626}"
EndProject
Project("{8BC9CEB8-8B4A-11D0-8D11-00A0C91BC942}") = "TestFarbringe2Multi", "TestFarbringe2Multi\TestFarbringe2Multi.vcxproj", "{4DE3C4E3-389E-42F6-A29D-1971B8E1B95E}"
EndProject
Project("{8BC9CEB8-8B4A-11D0-8D11-00A0C91BC942}") = "TestFarbring2Tol", "TestFarbring2Tol\TestFarbring2Tol.vcxproj", "{F122BC37-0893-45E3-ADA5-93DDA2367EF4}"
EndProject
Project("{8BC9CEB8-8B4A-11D0-8D11-00A0C91BC942}") = "WiderstandsrechnerVollversion", "WiderstandsrechnerVollversion\WiderstandsrechnerVollversion.vcxproj", "{95F2CD0E-3F3D-46D4-BB67-F2F134DE190A}"
EndProject
Global
	GlobalSection(SolutionConfigurationPlatforms) = preSolution
		Debug|x64 = Debug|x64
		Debug|x86 = Debug|x86
		Release|x64 = Release|x64
		Release|x86 = Release|x86
		test|x64 = test|x64
		test|x86 = test|x86
	EndGlobalSection
	GlobalSection(ProjectConfigurationPlatforms) = postSolution
		{58D6D527-13E1-4AC0-9AF4-A3561C2F8E4C}.Debug|x64.ActiveCfg = Debug|x64
		{58D6D527-13E1-4AC0-9AF4-A3561C2F8E4C}.Debug|x64.Build.0 = Debug|x64
		{58D6D527-13E1-4AC0-9AF4-A3561C2F8E4C}.Debug|x86.ActiveCfg = Debug|Win32
		{58D6D527-13E1-4AC0-9AF4-A3561C2F8E4C}.Debug|x86.Build.0 = Debug|Win32
		{58D6D527-13E1-4AC0-9AF4-A3561C2F8E4C}.Release|x64.ActiveCfg = Release|x64
		{58D6D527-13E1-4AC0-9AF4-A3561C2F8E4C}.Release|x64.Build.0 = Release|x64
		{58D6D527-13E1-4AC0-9AF4-A3561C2F8E4C}.Release|x86.ActiveCfg = Release|Win32
		{58D6D527-13E1-4AC0-9AF4-A3561C2F8E4C}.Release|x86.Build.0 = Release|Win32
		{58D6D527-13E1-4AC0-9AF4-A3561C2F8E4C}.test|x64.ActiveCfg = test|x64
		{58D6D527-13E1-4AC0-9AF4-A3561C2F8E4C}.test|x64.Build.0 = test|x64
		{58D6D527-13E1-4AC0-9AF4-A3561C2F8E4C}.test|x86.ActiveCfg = test|Win32
		{58D6D527-13E1-4AC0-9AF4-A3561C2F8E4C}.test|x86.Build.0 = test|Win32
		{AE13B34B-4064-4655-8183-ECA36795BC20}.Debug|x64.ActiveCfg = Debug|x64
		{AE13B34B-4064-4655-8183-ECA36795BC20}.Debug|x64.Build.0 = Debug|x64
		{AE13B34B-4064-4655-8183-ECA36795BC20}.Debug|x86.ActiveCfg = Debug|Win32
		{AE13B34B-4064-4655-8183-ECA36795BC20}.Debug|x86.Build.0 = Debug|Win32
		{AE13B34B-4064-4655-8183-ECA36795BC20}.Release|x64.ActiveCfg = Release|x64
		{AE13B34B-4064-4655-8183-ECA36795BC20}.Release|x64.Build.0 = Release|x64
		{AE13B34B-4064-4655-8183-ECA36795BC20}.Release|x86.ActiveCfg = Release|Win32
		{AE13B34B-4064-4655-8183-ECA36795BC20}.Release|x86.Build.0 = Release|Win32
		{AE13B34B-4064-4655-8183-ECA36795BC20}.test|x64.ActiveCfg = Release|x64
		{AE13B34B-4064-4655-8183-ECA36795BC20}.test|x64.Build.0 = Release|x64
		{AE13B34B-4064-4655-8183-ECA36795BC20}.test|x86.ActiveCfg = Release|Win32
		{AE13B34B-4064-4655-8183-ECA36795BC20}.test|x86.Build.0 = Release|Win32
		{74985F39-6F72-4531-97E5-881BC194D626}.Debug|x64.ActiveCfg = Debug|x64
		{74985F39-6F72-4531-97E5-881BC194D626}.Debug|x64.Build.0 = Debug|x64
		{74985F39-6F72-4531-97E5-881BC194D626}.Debug|x86.ActiveCfg = Debug|Win32
		{74985F39-6F72-4531-97E5-881BC194D626}.Debug|x86.Build.0 = Debug|Win32
		{74985F39-6F72-4531-97E5-881BC194D626}.Release|x64.ActiveCfg = Release|x64
		{74985F39-6F72-4531-97E5-881BC194D626}.Release|x64.Build.0 = Release|x64
		{74985F39-6F72-4531-97E5-881BC194D626}.Release|x86.ActiveCfg = Release|Win32
		{74985F39-6F72-4531-97E5-881BC194D626}.Release|x86.Build.0 = Release|Win32
		{74985F39-6F72-4531-97E5-881BC194D626}.test|x64.ActiveCfg = Release|x64
		{74985F39-6F72-4531-97E5-881BC194D626}.test|x64.Build.0 = Release|x64
		{74985F39-6F72-4531-97E5-881BC194D626}.test|x86.ActiveCfg = Release|Win32
		{74985F39-6F72-4531-97E5-881BC194D626}.test|x86.Build.0 = Release|Win32
		{4DE3C4E3-389E-42F6-A29D-1971B8E1B95E}.Debug|x64.ActiveCfg = Debug|x64
		{4DE3C4E3-389E-42F6-A29D-1971B8E1B95E}.Debug|x64.Build.0 = Debug|x64
		{4DE3C4E3-389E-42F6-A29D-1971B8E1B95E}.Debug|x86.ActiveCfg = Debug|Win32
		{4DE3C4E3-389E-42F6-A29D-1971B8E1B95E}.Debug|x86.Build.0 = Debug|Win32
		{4DE3C4E3-389E-42F6-A29D-1971B8E1B95E}.Release|x64.ActiveCfg = Release|x64
		{4DE3C4E3-389E-42F6-A29D-1971B8E1B95E}.Release|x64.Build.0 = Release|x64
		{4DE3C4E3-389E-42F6-A29D-1971B8E1B95E}.Release|x86.ActiveCfg = Release|Win32
		{4DE3C4E3-389E-42F6-A29D-1971B8E1B95E}.Release|x86.Build.0 = Release|Win32
		{4DE3C4E3-389E-42F6-A29D-1971B8E1B95E}.test|x64.ActiveCfg = Release|x64
		{4DE3C4E3-389E-42F6-A29D-1971B8E1B95E}.test|x64.Build.0 = Release|x64
		{4DE3C4E3-389E-42F6-A29D-1971B8E1B95E}.test|x86.ActiveCfg = Release|Win32
		{4DE3C4E3-389E-42F6-A29D-1971B8E1B95E}.test|x86.Build.0 = Release|Win32
		{F122BC37-0893-45E3-ADA5-93DDA2367EF4}.Debug|x64.ActiveCfg = Debug|x64
		{F122BC37-0893-45E3-ADA5-93DDA2367EF4}.Debug|x64.Build.0 = Debug|x64
		{F122BC37-0893-45E3-ADA5-93DDA2367EF4}.Debug|x86.ActiveCfg = Debug|Win32
		{F122BC37-0893-45E3-ADA5-93DDA2367EF4}.Debug|x86.Build.0 = Debug|Win32
		{F122BC37-0893-45E3-ADA5-93DDA2367EF4}.Release|x64.ActiveCfg = Release|x64
		{F122BC37-0893-45E3-ADA5-93DDA2367EF4}.Release|x64.Build.0 = Release|x64
		{F122BC37-0893-45E3-ADA5-93DDA2367EF4}.Release|x86.ActiveCfg = Release|Win32
		{F122BC37-0893-45E3-ADA5-93DDA2367EF4}.Release|x86.Build.0 = Release|Win32
		{F122BC37-0893-45E3-ADA5-93DDA2367EF4}.test|x64.ActiveCfg = Release|x64
		{F122BC37-0893-45E3-ADA5-93DDA2367EF4}.test|x64.Build.0 = Release|x64
		{F122BC37-0893-45E3-ADA5-93DDA2367EF4}.test|x86.ActiveCfg = Release|Win32
		{F122BC37-0893-45E3-ADA5-93DDA2367EF4}.test|x86.Build.0 = Release|Win32
		{95F2CD0E-3F3D-46D4-BB67-F2F134DE190A}.Debug|x64.ActiveCfg = Debug|x64
		{95F2CD0E-3F3D-46D4-BB67-F2F134DE190A}.Debug|x64.Build.0 = Debug|x64
		{95F2CD0E-3F3D-46D4-BB67-F2F134DE190A}.Debug|x86.ActiveCfg = Debug|Win32
		{95F2CD0E-3F3D-46D4-BB67-F2F134DE190A}.Debug|x86.Build.0 = Debug|Win32
		{95F2CD0E-3F3D-46D4-BB67-F2F134DE190A}.Release|x64.ActiveCfg = Release|x64
		{95F2CD0E-3F3D-46D4-BB67-F2F134DE190A}.Release|x64.Build.0 = Release|x64
		{95F2CD0E-3F3D-46D4-BB67-F2F134DE190A}.Release|x86.ActiveCfg = Release|Win32
		{95F2CD0E-3F3D-46D4-BB67-F2F134DE190A}.Release|x86.Build.0 = Release|Win32
		{95F2CD0E-3F3D-46D4-BB67-F2F134DE190A}.test|x64.ActiveCfg = Release|x64
		{95F2CD0E-3F3D-46D4-BB67-F2F134DE190A}.test|x64.Build.0 = Release|x64
		{95F2CD0E-3F3D-46D4-BB67-F2F134DE190A}.test|x86.ActiveCfg = Release|Win32
		{95F2CD0E-3F3D-46D4-BB67-F2F134DE190A}.test|x86.Build.0 = Release|Win32
	EndGlobalSection
	GlobalSection(SolutionProperties) = preSolution
		HideSolutionNode = FALSE
	EndGlobalSection
	GlobalSection(NestedProjects) = preSolution
		{AE13B34B-4064-4655-8183-ECA36795BC20} = {5CA2D738-F83E-4E45-A165-A92BFA5A0385}
		{74985F39-6F72-4531-97E5-881BC194D626} = {5CA2D738-F83E-4E45-A165-A92BFA5A0385}
		{4DE3C4E3-389E-42F6-A29D-1971B8E1B95E} = {5CA2D738-F83E-4E45-A165-A92BFA5A0385}
		{F122BC37-0893-45E3-ADA5-93DDA2367EF4} = {5CA2D738-F83E-4E45-A165-A92BFA5A0385}
	EndGlobalSection
	GlobalSection(ExtensibilityGlobals) = postSolution
		SolutionGuid = {9D3C9064-0666-41EB-A28F-F65A846D8DAA}
	EndGlobalSection
EndGlobal
